
Microsoft Visual Studio Solution File, Format Version 12.00
# Visual Studio Version 16
VisualStudioVersion = 16.0.31402.337
MinimumVisualStudioVersion = 10.0.40219.1
Project("{FAE04EC0-301F-11D3-BF4B-00C04F79EFBC}") = "FileToBase64", "FileToBase64\FileToBase64.csproj", "{56A51227-99E5-477D-BEF7-69BE713A2AF8}"
EndProject
Project("{FAE04EC0-301F-11D3-BF4B-00C04F79EFBC}") = "send", "send\send.csproj", "{FFF45D95-47B8-44CD-B91D-6F6A4AC2E8ED}"
EndProject
Project("{FAE04EC0-301F-11D3-BF4B-00C04F79EFBC}") = "SwitchProcess", "SwitchProcess\SwitchProcess.csproj", "{AE7B72AF-24E7-478D-A353-798AD1B6F66F}"
EndProject
Project("{FAE04EC0-301F-11D3-BF4B-00C04F79EFBC}") = "WarmChannels", "WarmChannels\WarmChannels.csproj", "{B5C12E24-26BA-43D5-A6A8-448A1A8EDC3F}"
EndProject
Global
	GlobalSection(SolutionConfigurationPlatforms) = preSolution
		Debug|Any CPU = Debug|Any CPU
		Release|Any CPU = Release|Any CPU
	EndGlobalSection
	GlobalSection(ProjectConfigurationPlatforms) = postSolution
		{56A51227-99E5-477D-BEF7-69BE713A2AF8}.Debug|Any CPU.ActiveCfg = Debug|Any CPU
		{56A51227-99E5-477D-BEF7-69BE713A2AF8}.Debug|Any CPU.Build.0 = Debug|Any CPU
		{56A51227-99E5-477D-BEF7-69BE713A2AF8}.Release|Any CPU.ActiveCfg = Release|Any CPU
		{56A51227-99E5-477D-BEF7-69BE713A2AF8}.Release|Any CPU.Build.0 = Release|Any CPU
		{FFF45D95-47B8-44CD-B91D-6F6A4AC2E8ED}.Debug|Any CPU.ActiveCfg = Debug|Any CPU
		{FFF45D95-47B8-44CD-B91D-6F6A4AC2E8ED}.Debug|Any CPU.Build.0 = Debug|Any CPU
		{FFF45D95-47B8-44CD-B91D-6F6A4AC2E8ED}.Release|Any CPU.ActiveCfg = Release|Any CPU
		{FFF45D95-47B8-44CD-B91D-6F6A4AC2E8ED}.Release|Any CPU.Build.0 = Release|Any CPU
		{AE7B72AF-24E7-478D-A353-798AD1B6F66F}.Debug|Any CPU.ActiveCfg = Debug|Any CPU
		{AE7B72AF-24E7-478D-A353-798AD1B6F66F}.Debug|Any CPU.Build.0 = Debug|Any CPU
		{AE7B72AF-24E7-478D-A353-798AD1B6F66F}.Release|Any CPU.ActiveCfg = Release|Any CPU
		{AE7B72AF-24E7-478D-A353-798AD1B6F66F}.Release|Any CPU.Build.0 = Release|Any CPU
		{B5C12E24-26BA-43D5-A6A8-448A1A8EDC3F}.Debug|Any CPU.ActiveCfg = Debug|Any CPU
		{B5C12E24-26BA-43D5-A6A8-448A1A8EDC3F}.Debug|Any CPU.Build.0 = Debug|Any CPU
		{B5C12E24-26BA-43D5-A6A8-448A1A8EDC3F}.Release|Any CPU.ActiveCfg = Release|Any CPU
		{B5C12E24-26BA-43D5-A6A8-448A1A8EDC3F}.Release|Any CPU.Build.0 = Release|Any CPU
	EndGlobalSection
	GlobalSection(SolutionProperties) = preSolution
		HideSolutionNode = FALSE
	EndGlobalSection
	GlobalSection(ExtensibilityGlobals) = postSolution
		SolutionGuid = {6A1979D9-EDD8-4A9E-AAE2-58567D623F25}
	EndGlobalSection
EndGlobal
