
Microsoft Visual Studio Solution File, Format Version 12.00
# Visual Studio Version 16
VisualStudioVersion = 16.0.30204.135
MinimumVisualStudioVersion = 10.0.40219.1
Project("{9A19103F-16F7-4668-BE54-9A1E7A4F7556}") = "WhatsGWExemploConsoleNetCore", "WhatsGWExemploConsoleNetCore.csproj", "{F378E1D2-4434-4B32-BF0A-342A90E58172}"
EndProject
Global
	GlobalSection(SolutionConfigurationPlatforms) = preSolution
		Debug|Any CPU = Debug|Any CPU
		Release|Any CPU = Release|Any CPU
	EndGlobalSection
	GlobalSection(ProjectConfigurationPlatforms) = postSolution
		{F378E1D2-4434-4B32-BF0A-342A90E58172}.Debug|Any CPU.ActiveCfg = Debug|Any CPU
		{F378E1D2-4434-4B32-BF0A-342A90E58172}.Debug|Any CPU.Build.0 = Debug|Any CPU
		{F378E1D2-4434-4B32-BF0A-342A90E58172}.Release|Any CPU.ActiveCfg = Release|Any CPU
		{F378E1D2-4434-4B32-BF0A-342A90E58172}.Release|Any CPU.Build.0 = Release|Any CPU
	EndGlobalSection
	GlobalSection(SolutionProperties) = preSolution
		HideSolutionNode = FALSE
	EndGlobalSection
	GlobalSection(ExtensibilityGlobals) = postSolution
		SolutionGuid = {CA3D1520-047D-46F7-972D-616A19970313}
	EndGlobalSection
EndGlobal
