
Microsoft Visual Studio Solution File, Format Version 12.00
# Visual Studio Version 16
VisualStudioVersion = 16.0.31402.337
MinimumVisualStudioVersion = 10.0.40219.1
Project("{FAE04EC0-301F-11D3-BF4B-00C04F79EFBC}") = "send", "send.csproj", "{FFF45D95-47B8-44CD-B91D-6F6A4AC2E8ED}"
EndProject
Global
	GlobalSection(SolutionConfigurationPlatforms) = preSolution
		Debug|Any CPU = Debug|Any CPU
		Release|Any CPU = Release|Any CPU
	EndGlobalSection
	GlobalSection(ProjectConfigurationPlatforms) = postSolution
		{FFF45D95-47B8-44CD-B91D-6F6A4AC2E8ED}.Debug|Any CPU.ActiveCfg = Debug|Any CPU
		{FFF45D95-47B8-44CD-B91D-6F6A4AC2E8ED}.Debug|Any CPU.Build.0 = Debug|Any CPU
		{FFF45D95-47B8-44CD-B91D-6F6A4AC2E8ED}.Release|Any CPU.ActiveCfg = Release|Any CPU
		{FFF45D95-47B8-44CD-B91D-6F6A4AC2E8ED}.Release|Any CPU.Build.0 = Release|Any CPU
	EndGlobalSection
	GlobalSection(SolutionProperties) = preSolution
		HideSolutionNode = FALSE
	EndGlobalSection
	GlobalSection(ExtensibilityGlobals) = postSolution
		SolutionGuid = {86774DB1-781A-44A7-A07C-9F3AC5F473FF}
	EndGlobalSection
EndGlobal
